
Microsoft Visual Studio Solution File, Format Version 12.00
# Visual Studio Version 17
VisualStudioVersion = 17.0.31825.309
MinimumVisualStudioVersion = 10.0.40219.1
Project("{9A19103F-16F7-4668-BE54-9A1E7A4F7556}") = "Unicorn.GrpcService", "services\Unicorn.GrpcService\Unicorn.GrpcService.csproj", "{53596E8F-BBCE-4AD3-8723-6EDF6F209865}"
EndProject
Project("{9A19103F-16F7-4668-BE54-9A1E7A4F7556}") = "Unicorn.GrpcService.SDK", "services\Unicorn.GrpcService.SDK\Unicorn.GrpcService.SDK.csproj", "{BF542AE2-6C93-43D1-8AF6-64F0169BC309}"
EndProject
Project("{9A19103F-16F7-4668-BE54-9A1E7A4F7556}") = "Unicorn.GrpcServiceClient", "services\Unicorn.GrpcServiceClient\Unicorn.GrpcServiceClient.csproj", "{E7272986-16F4-4341-820B-B5CB54C6A880}"
EndProject
Project("{9A19103F-16F7-4668-BE54-9A1E7A4F7556}") = "Unicorn.Core.Infrastructure.HostConfiguration.SDK", "core\infrastructure\Unicorn.Core.Infrastructure.HostConfiguration.SDK\Unicorn.Core.Infrastructure.HostConfiguration.SDK.csproj", "{DEB9675E-25BC-4C6F-A2C3-81F8F417A98E}"
EndProject
Project("{9A19103F-16F7-4668-BE54-9A1E7A4F7556}") = "Unicorn.Core.Services.ServiceDiscovery", "core\services\service-discovery\Unicorn.Core.Services.ServiceDiscovery\Unicorn.Core.Services.ServiceDiscovery.csproj", "{2A18985A-D1F9-4137-B28C-9C6E802F55B5}"
EndProject
Project("{9A19103F-16F7-4668-BE54-9A1E7A4F7556}") = "Unicorn.Core.Infrastructure.Communication.Http.SDK", "core\infrastructure\Unicorn.Core.Infrastructure.Communication.Http.SDK\Unicorn.Core.Infrastructure.Communication.Http.SDK.csproj", "{949CB4CC-535C-4D1D-AA26-01790630D3E6}"
EndProject
Project("{9A19103F-16F7-4668-BE54-9A1E7A4F7556}") = "Unicorn.Core.Services.ServiceDiscovery.SDK", "core\services\service-discovery\Unicorn.Core.Services.ServiceDiscovery.SDK\Unicorn.Core.Services.ServiceDiscovery.SDK.csproj", "{2822A8C4-F233-4480-9D6D-F36750878584}"
EndProject
Project("{9A19103F-16F7-4668-BE54-9A1E7A4F7556}") = "Unicorn.Core.Development.ClientHost", "core\development\Unicorn.Core.Development.ClientHost\Unicorn.Core.Development.ClientHost.csproj", "{0B2DF2F9-4189-4AF8-B756-12BE2E1295AA}"
EndProject
Project("{9A19103F-16F7-4668-BE54-9A1E7A4F7556}") = "Unicorn.Core.Infrastructure.Communication.Grpc.SDK", "core\infrastructure\Unicorn.Core.Infrastructure.Communication.Grpc.SDK\Unicorn.Core.Infrastructure.Communication.Grpc.SDK.csproj", "{96E246B9-42CE-47A0-AAFF-94679DA5CD3E}"
EndProject
Project("{2150E333-8FDC-42A3-9474-1A3956D46DE8}") = "core", "core", "{A82D8891-2318-496F-8864-3B58CCCCF2EE}"
EndProject
Project("{2150E333-8FDC-42A3-9474-1A3956D46DE8}") = "infrastructure", "infrastructure", "{5F9F2557-3B49-4383-B6FD-4F37DB19D665}"
EndProject
Project("{2150E333-8FDC-42A3-9474-1A3956D46DE8}") = "services", "services", "{3E969805-7B74-4446-A42C-0DE247DFE254}"
EndProject
Project("{2150E333-8FDC-42A3-9474-1A3956D46DE8}") = "development", "development", "{FAD03742-AD9A-4094-B75A-2B73D0D6EAFC}"
EndProject
Project("{2150E333-8FDC-42A3-9474-1A3956D46DE8}") = "services", "services", "{866ADDC4-EC72-4AA9-9B6B-E1D014B1A334}"
EndProject
Project("{2150E333-8FDC-42A3-9474-1A3956D46DE8}") = "service-discovery", "service-discovery", "{9D47E5BD-EC71-44B9-9E87-66CFCCF707D1}"
EndProject
Project("{2150E333-8FDC-42A3-9474-1A3956D46DE8}") = "Solution Items", "Solution Items", "{9C849736-8523-4ADD-A528-2E361F79B9E7}"
	ProjectSection(SolutionItems) = preProject
		.editorconfig = .editorconfig
	EndProjectSection
EndProject
Project("{9A19103F-16F7-4668-BE54-9A1E7A4F7556}") = "Unicorn.Core.Development.ServiceHost.SDK", "core\development\Unicorn.Core.Development.ServiceHost.SDK\Unicorn.Core.Development.ServiceHost.SDK.csproj", "{F55EF461-4A94-4EC1-85F7-02B926DD1736}"
EndProject
Project("{9A19103F-16F7-4668-BE54-9A1E7A4F7556}") = "Unicorn.Core.Development.ServiceHost", "core\development\Unicorn.Core.Development.ServiceHost\Unicorn.Core.Development.ServiceHost.csproj", "{A332A17E-63D6-4D20-9D17-FCCC94096E52}"
EndProject
Project("{9A19103F-16F7-4668-BE54-9A1E7A4F7556}") = "Unicorn.Core.Infrastructure.Communication.Common", "core\infrastructure\Unicorn.Core.Infrastructure.Communication.Common\Unicorn.Core.Infrastructure.Communication.Common.csproj", "{46B3C464-9A37-48F2-A4F5-DAC48DA02391}"
EndProject
Project("{2150E333-8FDC-42A3-9474-1A3956D46DE8}") = "authentication", "authentication", "{4C3CCC0F-6946-4E7D-8033-A42F246A5E0D}"
EndProject
Project("{9A19103F-16F7-4668-BE54-9A1E7A4F7556}") = "Unicorn.Core.Infrastructure.Security.IAM", "core\infrastructure\Unicorn.Core.Infrastructure.Security.IAM\Unicorn.Core.Infrastructure.Security.IAM.csproj", "{AAFDE17C-7001-4067-8AC2-05597047525E}"
EndProject
Project("{9A19103F-16F7-4668-BE54-9A1E7A4F7556}") = "Unicorn.Core.Services.Authentication.OpenIddict", "core\services\authentication\Unicorn.Core.Services.Authentication.OpenIddict\Unicorn.Core.Services.Authentication.OpenIddict.csproj", "{8B0FF5AB-E85D-4B28-B820-28F945B87993}"
EndProject
Project("{9A19103F-16F7-4668-BE54-9A1E7A4F7556}") = "Unicorn.Core.Infrastructure.Communication.MessageBroker", "core\infrastructure\Unicorn.Core.Infrastructure.Communication.MessageBroker\Unicorn.Core.Infrastructure.Communication.MessageBroker.csproj", "{1EC72C3B-6732-4DEA-9627-9BE84040D243}"
EndProject
Project("{E53339B2-1760-4266-BCC7-CA923CBCF16C}") = "docker-compose", "docker-compose.dcproj", "{267D9621-E43F-477B-8BCC-0CC8CE00C1A1}"
EndProject
Project("{2150E333-8FDC-42A3-9474-1A3956D46DE8}") = "eShop", "eShop", "{8D8F1BB1-98E7-423A-A830-D01987A4AAC8}"
EndProject
Project("{9A19103F-16F7-4668-BE54-9A1E7A4F7556}") = "Unicorn.eShop.CartService", "eShop\Unicorn.eShop.CartService\Unicorn.eShop.CartService.csproj", "{536A3903-5B76-4E15-8983-60E3E38EF4A5}"
EndProject
Project("{9A19103F-16F7-4668-BE54-9A1E7A4F7556}") = "Unicorn.eShop.CartService.SDK", "eShop\Unicorn.eShop.CartService.SDK\Unicorn.eShop.CartService.SDK.csproj", "{6E3FB6F1-510C-4C65-B479-50907504BEBF}"
EndProject
Project("{FAE04EC0-301F-11D3-BF4B-00C04F79EFBC}") = "Unicorn.eShop.CartService.Tests", "eShop\Unicorn.eShop.CartService.Tests\Unicorn.eShop.CartService.Tests.csproj", "{864F4863-8844-47D3-92B1-2BBF3873CCDD}"
EndProject
Global
	GlobalSection(SolutionConfigurationPlatforms) = preSolution
		Debug|Any CPU = Debug|Any CPU
		Release|Any CPU = Release|Any CPU
	EndGlobalSection
	GlobalSection(ProjectConfigurationPlatforms) = postSolution
		{53596E8F-BBCE-4AD3-8723-6EDF6F209865}.Debug|Any CPU.ActiveCfg = Debug|Any CPU
		{53596E8F-BBCE-4AD3-8723-6EDF6F209865}.Debug|Any CPU.Build.0 = Debug|Any CPU
		{53596E8F-BBCE-4AD3-8723-6EDF6F209865}.Release|Any CPU.ActiveCfg = Release|Any CPU
		{53596E8F-BBCE-4AD3-8723-6EDF6F209865}.Release|Any CPU.Build.0 = Release|Any CPU
		{BF542AE2-6C93-43D1-8AF6-64F0169BC309}.Debug|Any CPU.ActiveCfg = Debug|Any CPU
		{BF542AE2-6C93-43D1-8AF6-64F0169BC309}.Debug|Any CPU.Build.0 = Debug|Any CPU
		{BF542AE2-6C93-43D1-8AF6-64F0169BC309}.Release|Any CPU.ActiveCfg = Release|Any CPU
		{BF542AE2-6C93-43D1-8AF6-64F0169BC309}.Release|Any CPU.Build.0 = Release|Any CPU
		{E7272986-16F4-4341-820B-B5CB54C6A880}.Debug|Any CPU.ActiveCfg = Debug|Any CPU
		{E7272986-16F4-4341-820B-B5CB54C6A880}.Debug|Any CPU.Build.0 = Debug|Any CPU
		{E7272986-16F4-4341-820B-B5CB54C6A880}.Release|Any CPU.ActiveCfg = Release|Any CPU
		{E7272986-16F4-4341-820B-B5CB54C6A880}.Release|Any CPU.Build.0 = Release|Any CPU
		{DEB9675E-25BC-4C6F-A2C3-81F8F417A98E}.Debug|Any CPU.ActiveCfg = Debug|Any CPU
		{DEB9675E-25BC-4C6F-A2C3-81F8F417A98E}.Debug|Any CPU.Build.0 = Debug|Any CPU
		{DEB9675E-25BC-4C6F-A2C3-81F8F417A98E}.Release|Any CPU.ActiveCfg = Release|Any CPU
		{DEB9675E-25BC-4C6F-A2C3-81F8F417A98E}.Release|Any CPU.Build.0 = Release|Any CPU
		{2A18985A-D1F9-4137-B28C-9C6E802F55B5}.Debug|Any CPU.ActiveCfg = Debug|Any CPU
		{2A18985A-D1F9-4137-B28C-9C6E802F55B5}.Debug|Any CPU.Build.0 = Debug|Any CPU
		{2A18985A-D1F9-4137-B28C-9C6E802F55B5}.Release|Any CPU.ActiveCfg = Release|Any CPU
		{2A18985A-D1F9-4137-B28C-9C6E802F55B5}.Release|Any CPU.Build.0 = Release|Any CPU
		{949CB4CC-535C-4D1D-AA26-01790630D3E6}.Debug|Any CPU.ActiveCfg = Debug|Any CPU
		{949CB4CC-535C-4D1D-AA26-01790630D3E6}.Debug|Any CPU.Build.0 = Debug|Any CPU
		{949CB4CC-535C-4D1D-AA26-01790630D3E6}.Release|Any CPU.ActiveCfg = Release|Any CPU
		{949CB4CC-535C-4D1D-AA26-01790630D3E6}.Release|Any CPU.Build.0 = Release|Any CPU
		{2822A8C4-F233-4480-9D6D-F36750878584}.Debug|Any CPU.ActiveCfg = Debug|Any CPU
		{2822A8C4-F233-4480-9D6D-F36750878584}.Debug|Any CPU.Build.0 = Debug|Any CPU
		{2822A8C4-F233-4480-9D6D-F36750878584}.Release|Any CPU.ActiveCfg = Release|Any CPU
		{2822A8C4-F233-4480-9D6D-F36750878584}.Release|Any CPU.Build.0 = Release|Any CPU
		{0B2DF2F9-4189-4AF8-B756-12BE2E1295AA}.Debug|Any CPU.ActiveCfg = Debug|Any CPU
		{0B2DF2F9-4189-4AF8-B756-12BE2E1295AA}.Debug|Any CPU.Build.0 = Debug|Any CPU
		{0B2DF2F9-4189-4AF8-B756-12BE2E1295AA}.Release|Any CPU.ActiveCfg = Release|Any CPU
		{0B2DF2F9-4189-4AF8-B756-12BE2E1295AA}.Release|Any CPU.Build.0 = Release|Any CPU
		{96E246B9-42CE-47A0-AAFF-94679DA5CD3E}.Debug|Any CPU.ActiveCfg = Debug|Any CPU
		{96E246B9-42CE-47A0-AAFF-94679DA5CD3E}.Debug|Any CPU.Build.0 = Debug|Any CPU
		{96E246B9-42CE-47A0-AAFF-94679DA5CD3E}.Release|Any CPU.ActiveCfg = Release|Any CPU
		{96E246B9-42CE-47A0-AAFF-94679DA5CD3E}.Release|Any CPU.Build.0 = Release|Any CPU
		{F55EF461-4A94-4EC1-85F7-02B926DD1736}.Debug|Any CPU.ActiveCfg = Debug|Any CPU
		{F55EF461-4A94-4EC1-85F7-02B926DD1736}.Debug|Any CPU.Build.0 = Debug|Any CPU
		{F55EF461-4A94-4EC1-85F7-02B926DD1736}.Release|Any CPU.ActiveCfg = Release|Any CPU
		{F55EF461-4A94-4EC1-85F7-02B926DD1736}.Release|Any CPU.Build.0 = Release|Any CPU
		{A332A17E-63D6-4D20-9D17-FCCC94096E52}.Debug|Any CPU.ActiveCfg = Debug|Any CPU
		{A332A17E-63D6-4D20-9D17-FCCC94096E52}.Debug|Any CPU.Build.0 = Debug|Any CPU
		{A332A17E-63D6-4D20-9D17-FCCC94096E52}.Release|Any CPU.ActiveCfg = Release|Any CPU
		{A332A17E-63D6-4D20-9D17-FCCC94096E52}.Release|Any CPU.Build.0 = Release|Any CPU
		{46B3C464-9A37-48F2-A4F5-DAC48DA02391}.Debug|Any CPU.ActiveCfg = Debug|Any CPU
		{46B3C464-9A37-48F2-A4F5-DAC48DA02391}.Debug|Any CPU.Build.0 = Debug|Any CPU
		{46B3C464-9A37-48F2-A4F5-DAC48DA02391}.Release|Any CPU.ActiveCfg = Release|Any CPU
		{46B3C464-9A37-48F2-A4F5-DAC48DA02391}.Release|Any CPU.Build.0 = Release|Any CPU
		{AAFDE17C-7001-4067-8AC2-05597047525E}.Debug|Any CPU.ActiveCfg = Debug|Any CPU
		{AAFDE17C-7001-4067-8AC2-05597047525E}.Debug|Any CPU.Build.0 = Debug|Any CPU
		{AAFDE17C-7001-4067-8AC2-05597047525E}.Release|Any CPU.ActiveCfg = Release|Any CPU
		{AAFDE17C-7001-4067-8AC2-05597047525E}.Release|Any CPU.Build.0 = Release|Any CPU
		{8B0FF5AB-E85D-4B28-B820-28F945B87993}.Debug|Any CPU.ActiveCfg = Debug|Any CPU
		{8B0FF5AB-E85D-4B28-B820-28F945B87993}.Debug|Any CPU.Build.0 = Debug|Any CPU
		{8B0FF5AB-E85D-4B28-B820-28F945B87993}.Release|Any CPU.ActiveCfg = Release|Any CPU
		{8B0FF5AB-E85D-4B28-B820-28F945B87993}.Release|Any CPU.Build.0 = Release|Any CPU
		{1EC72C3B-6732-4DEA-9627-9BE84040D243}.Debug|Any CPU.ActiveCfg = Debug|Any CPU
		{1EC72C3B-6732-4DEA-9627-9BE84040D243}.Debug|Any CPU.Build.0 = Debug|Any CPU
		{1EC72C3B-6732-4DEA-9627-9BE84040D243}.Release|Any CPU.ActiveCfg = Release|Any CPU
		{1EC72C3B-6732-4DEA-9627-9BE84040D243}.Release|Any CPU.Build.0 = Release|Any CPU
		{267D9621-E43F-477B-8BCC-0CC8CE00C1A1}.Debug|Any CPU.ActiveCfg = Debug|Any CPU
		{267D9621-E43F-477B-8BCC-0CC8CE00C1A1}.Debug|Any CPU.Build.0 = Debug|Any CPU
		{267D9621-E43F-477B-8BCC-0CC8CE00C1A1}.Release|Any CPU.ActiveCfg = Release|Any CPU
		{267D9621-E43F-477B-8BCC-0CC8CE00C1A1}.Release|Any CPU.Build.0 = Release|Any CPU
		{536A3903-5B76-4E15-8983-60E3E38EF4A5}.Debug|Any CPU.ActiveCfg = Debug|Any CPU
		{536A3903-5B76-4E15-8983-60E3E38EF4A5}.Debug|Any CPU.Build.0 = Debug|Any CPU
		{536A3903-5B76-4E15-8983-60E3E38EF4A5}.Release|Any CPU.ActiveCfg = Release|Any CPU
		{536A3903-5B76-4E15-8983-60E3E38EF4A5}.Release|Any CPU.Build.0 = Release|Any CPU
		{6E3FB6F1-510C-4C65-B479-50907504BEBF}.Debug|Any CPU.ActiveCfg = Debug|Any CPU
		{6E3FB6F1-510C-4C65-B479-50907504BEBF}.Debug|Any CPU.Build.0 = Debug|Any CPU
		{6E3FB6F1-510C-4C65-B479-50907504BEBF}.Release|Any CPU.ActiveCfg = Release|Any CPU
		{6E3FB6F1-510C-4C65-B479-50907504BEBF}.Release|Any CPU.Build.0 = Release|Any CPU
		{864F4863-8844-47D3-92B1-2BBF3873CCDD}.Debug|Any CPU.ActiveCfg = Debug|Any CPU
		{864F4863-8844-47D3-92B1-2BBF3873CCDD}.Debug|Any CPU.Build.0 = Debug|Any CPU
		{864F4863-8844-47D3-92B1-2BBF3873CCDD}.Release|Any CPU.ActiveCfg = Release|Any CPU
		{864F4863-8844-47D3-92B1-2BBF3873CCDD}.Release|Any CPU.Build.0 = Release|Any CPU
	EndGlobalSection
	GlobalSection(SolutionProperties) = preSolution
		HideSolutionNode = FALSE
	EndGlobalSection
	GlobalSection(NestedProjects) = preSolution
		{53596E8F-BBCE-4AD3-8723-6EDF6F209865} = {866ADDC4-EC72-4AA9-9B6B-E1D014B1A334}
		{BF542AE2-6C93-43D1-8AF6-64F0169BC309} = {866ADDC4-EC72-4AA9-9B6B-E1D014B1A334}
		{E7272986-16F4-4341-820B-B5CB54C6A880} = {866ADDC4-EC72-4AA9-9B6B-E1D014B1A334}
		{DEB9675E-25BC-4C6F-A2C3-81F8F417A98E} = {5F9F2557-3B49-4383-B6FD-4F37DB19D665}
		{2A18985A-D1F9-4137-B28C-9C6E802F55B5} = {9D47E5BD-EC71-44B9-9E87-66CFCCF707D1}
		{949CB4CC-535C-4D1D-AA26-01790630D3E6} = {5F9F2557-3B49-4383-B6FD-4F37DB19D665}
		{2822A8C4-F233-4480-9D6D-F36750878584} = {9D47E5BD-EC71-44B9-9E87-66CFCCF707D1}
		{0B2DF2F9-4189-4AF8-B756-12BE2E1295AA} = {FAD03742-AD9A-4094-B75A-2B73D0D6EAFC}
		{96E246B9-42CE-47A0-AAFF-94679DA5CD3E} = {5F9F2557-3B49-4383-B6FD-4F37DB19D665}
		{5F9F2557-3B49-4383-B6FD-4F37DB19D665} = {A82D8891-2318-496F-8864-3B58CCCCF2EE}
		{3E969805-7B74-4446-A42C-0DE247DFE254} = {A82D8891-2318-496F-8864-3B58CCCCF2EE}
		{FAD03742-AD9A-4094-B75A-2B73D0D6EAFC} = {A82D8891-2318-496F-8864-3B58CCCCF2EE}
		{9D47E5BD-EC71-44B9-9E87-66CFCCF707D1} = {3E969805-7B74-4446-A42C-0DE247DFE254}
		{F55EF461-4A94-4EC1-85F7-02B926DD1736} = {FAD03742-AD9A-4094-B75A-2B73D0D6EAFC}
		{A332A17E-63D6-4D20-9D17-FCCC94096E52} = {FAD03742-AD9A-4094-B75A-2B73D0D6EAFC}
		{46B3C464-9A37-48F2-A4F5-DAC48DA02391} = {5F9F2557-3B49-4383-B6FD-4F37DB19D665}
		{4C3CCC0F-6946-4E7D-8033-A42F246A5E0D} = {3E969805-7B74-4446-A42C-0DE247DFE254}
		{AAFDE17C-7001-4067-8AC2-05597047525E} = {5F9F2557-3B49-4383-B6FD-4F37DB19D665}
		{8B0FF5AB-E85D-4B28-B820-28F945B87993} = {4C3CCC0F-6946-4E7D-8033-A42F246A5E0D}
		{1EC72C3B-6732-4DEA-9627-9BE84040D243} = {5F9F2557-3B49-4383-B6FD-4F37DB19D665}
		{536A3903-5B76-4E15-8983-60E3E38EF4A5} = {8D8F1BB1-98E7-423A-A830-D01987A4AAC8}
		{6E3FB6F1-510C-4C65-B479-50907504BEBF} = {8D8F1BB1-98E7-423A-A830-D01987A4AAC8}
		{864F4863-8844-47D3-92B1-2BBF3873CCDD} = {8D8F1BB1-98E7-423A-A830-D01987A4AAC8}
	EndGlobalSection
	GlobalSection(ExtensibilityGlobals) = postSolution
		SolutionGuid = {33F75022-EF87-4855-AFF0-0078123AAE2A}
	EndGlobalSection
EndGlobal
