
Microsoft Visual Studio Solution File, Format Version 12.00
# Visual Studio Version 17
VisualStudioVersion = 17.0.31825.309
MinimumVisualStudioVersion = 10.0.40219.1
Project("{9A19103F-16F7-4668-BE54-9A1E7A4F7556}") = "Unicorn.Core.Infrastructure.Host.SDK", "src\core\infrastructure\Unicorn.Core.Infrastructure.Host.SDK\Unicorn.Core.Infrastructure.Host.SDK.csproj", "{DEB9675E-25BC-4C6F-A2C3-81F8F417A98E}"
EndProject
Project("{9A19103F-16F7-4668-BE54-9A1E7A4F7556}") = "Unicorn.Core.Services.ServiceDiscovery", "src\core\services\service-discovery\Unicorn.Core.Services.ServiceDiscovery\Unicorn.Core.Services.ServiceDiscovery.csproj", "{2A18985A-D1F9-4137-B28C-9C6E802F55B5}"
EndProject
Project("{9A19103F-16F7-4668-BE54-9A1E7A4F7556}") = "Unicorn.Core.Services.ServiceDiscovery.SDK", "src\core\services\service-discovery\Unicorn.Core.Services.ServiceDiscovery.SDK\Unicorn.Core.Services.ServiceDiscovery.SDK.csproj", "{2822A8C4-F233-4480-9D6D-F36750878584}"
EndProject
Project("{9A19103F-16F7-4668-BE54-9A1E7A4F7556}") = "Unicorn.Core.Development.Client", "src\core\development\Unicorn.Core.Development.Client\Unicorn.Core.Development.Client.csproj", "{0B2DF2F9-4189-4AF8-B756-12BE2E1295AA}"
EndProject
Project("{2150E333-8FDC-42A3-9474-1A3956D46DE8}") = "core", "core", "{A82D8891-2318-496F-8864-3B58CCCCF2EE}"
EndProject
Project("{2150E333-8FDC-42A3-9474-1A3956D46DE8}") = "infrastructure", "infrastructure", "{5F9F2557-3B49-4383-B6FD-4F37DB19D665}"
EndProject
Project("{2150E333-8FDC-42A3-9474-1A3956D46DE8}") = "services", "services", "{3E969805-7B74-4446-A42C-0DE247DFE254}"
EndProject
Project("{2150E333-8FDC-42A3-9474-1A3956D46DE8}") = "development", "development", "{FAD03742-AD9A-4094-B75A-2B73D0D6EAFC}"
EndProject
Project("{2150E333-8FDC-42A3-9474-1A3956D46DE8}") = "service-discovery", "service-discovery", "{9D47E5BD-EC71-44B9-9E87-66CFCCF707D1}"
EndProject
Project("{2150E333-8FDC-42A3-9474-1A3956D46DE8}") = "Solution Items", "Solution Items", "{9C849736-8523-4ADD-A528-2E361F79B9E7}"
	ProjectSection(SolutionItems) = preProject
		.editorconfig = .editorconfig
		Directory.Build.props = Directory.Build.props
	EndProjectSection
EndProject
Project("{9A19103F-16F7-4668-BE54-9A1E7A4F7556}") = "Unicorn.Core.Development.ServiceHost.SDK", "src\core\development\Unicorn.Core.Development.ServiceHost.SDK\Unicorn.Core.Development.ServiceHost.SDK.csproj", "{F55EF461-4A94-4EC1-85F7-02B926DD1736}"
EndProject
Project("{9A19103F-16F7-4668-BE54-9A1E7A4F7556}") = "Unicorn.Core.Development.Service", "src\core\development\Unicorn.Core.Development.Service\Unicorn.Core.Development.Service.csproj", "{A332A17E-63D6-4D20-9D17-FCCC94096E52}"
EndProject
Project("{2150E333-8FDC-42A3-9474-1A3956D46DE8}") = "authentication", "authentication", "{4C3CCC0F-6946-4E7D-8033-A42F246A5E0D}"
EndProject
Project("{9A19103F-16F7-4668-BE54-9A1E7A4F7556}") = "Unicorn.Core.Infrastructure.Security.IAM", "src\core\infrastructure\Unicorn.Core.Infrastructure.Security.IAM\Unicorn.Core.Infrastructure.Security.IAM.csproj", "{AAFDE17C-7001-4067-8AC2-05597047525E}"
EndProject
Project("{9A19103F-16F7-4668-BE54-9A1E7A4F7556}") = "Unicorn.Core.Services.Authentication.OpenIddict", "src\core\services\authentication\Unicorn.Core.Services.Authentication.OpenIddict\Unicorn.Core.Services.Authentication.OpenIddict.csproj", "{8B0FF5AB-E85D-4B28-B820-28F945B87993}"
EndProject
Project("{E53339B2-1760-4266-BCC7-CA923CBCF16C}") = "docker-compose", "docker-compose.dcproj", "{267D9621-E43F-477B-8BCC-0CC8CE00C1A1}"
EndProject
Project("{2150E333-8FDC-42A3-9474-1A3956D46DE8}") = "eShop", "eShop", "{8D8F1BB1-98E7-423A-A830-D01987A4AAC8}"
EndProject
Project("{9A19103F-16F7-4668-BE54-9A1E7A4F7556}") = "Unicorn.eShop.Cart", "src\eShop\cart\Unicorn.eShop.Cart\Unicorn.eShop.Cart.csproj", "{536A3903-5B76-4E15-8983-60E3E38EF4A5}"
EndProject
Project("{9A19103F-16F7-4668-BE54-9A1E7A4F7556}") = "Unicorn.eShop.Cart.SDK", "src\eShop\cart\Unicorn.eShop.Cart.SDK\Unicorn.eShop.Cart.SDK.csproj", "{6E3FB6F1-510C-4C65-B479-50907504BEBF}"
EndProject
Project("{9A19103F-16F7-4668-BE54-9A1E7A4F7556}") = "Unicorn.eShop.Cart.Tests", "src\eShop\cart\tests\Unicorn.eShop.Cart.Tests\Unicorn.eShop.Cart.Tests.csproj", "{864F4863-8844-47D3-92B1-2BBF3873CCDD}"
EndProject
Project("{2150E333-8FDC-42A3-9474-1A3956D46DE8}") = "cart", "cart", "{3738D291-0597-445F-8F84-59EFE12FFDB3}"
EndProject
Project("{2150E333-8FDC-42A3-9474-1A3956D46DE8}") = "discount", "discount", "{A0FEEBC7-8F51-45ED-8AD5-002813F15AD9}"
EndProject
Project("{9A19103F-16F7-4668-BE54-9A1E7A4F7556}") = "Unicorn.eShop.Discount", "src\eShop\discount\Unicorn.eShop.Discount\Unicorn.eShop.Discount.csproj", "{9E8DD55D-7CE1-48EE-969F-AAADDA84966F}"
EndProject
Project("{9A19103F-16F7-4668-BE54-9A1E7A4F7556}") = "Unicorn.eShop.Discount.SDK", "src\eShop\discount\Unicorn.eShop.Discount.SDK\Unicorn.eShop.Discount.SDK.csproj", "{364BFE05-9445-433B-80B1-E145AE6AEBFC}"
EndProject
Project("{9A19103F-16F7-4668-BE54-9A1E7A4F7556}") = "Unicorn.Core.Services.ServiceDiscovery.DataAccess", "src\core\services\service-discovery\Unicorn.Core.Services.ServiceDiscovery.DataAccess\Unicorn.Core.Services.ServiceDiscovery.DataAccess.csproj", "{AA26A288-4146-4F6E-A6A0-0DBC1BA172DA}"
EndProject
Project("{2150E333-8FDC-42A3-9474-1A3956D46DE8}") = "catalog", "catalog", "{53A9157E-365B-4831-8A0B-485BEEC1BB82}"
EndProject
Project("{9A19103F-16F7-4668-BE54-9A1E7A4F7556}") = "Unicorn.eShop.Catalog", "src\eShop\catalog\Unicorn.eShop.Catalog\Unicorn.eShop.Catalog.csproj", "{8C21E023-CB19-42FE-B795-A37D3FA6FA53}"
EndProject
Project("{2150E333-8FDC-42A3-9474-1A3956D46DE8}") = "tests", "tests", "{98A927C9-CDEB-4B8A-AA07-95C866DFC97F}"
EndProject
Project("{2150E333-8FDC-42A3-9474-1A3956D46DE8}") = "tests", "tests", "{EADA7126-44CC-4359-8C79-9D791505FB0C}"
EndProject
Project("{2150E333-8FDC-42A3-9474-1A3956D46DE8}") = "tests", "tests", "{E8624E3B-4811-4318-8BCE-415953F057A0}"
EndProject
Project("{9A19103F-16F7-4668-BE54-9A1E7A4F7556}") = "Unicorn.eShop.Cart.DataAccess", "src\eShop\cart\Unicorn.eShop.Cart.DataAccess\Unicorn.eShop.Cart.DataAccess.csproj", "{0ED507F4-46BB-4D72-ADB1-61D1A92B66AC}"
EndProject
Project("{9A19103F-16F7-4668-BE54-9A1E7A4F7556}") = "Unicorn.eShop.Catalog.SDK", "src\eShop\catalog\Unicorn.eShop.Catalog.SDK\Unicorn.eShop.Catalog.SDK.csproj", "{2BC64259-0FD8-4D60-92B6-E2194735E602}"
EndProject
Project("{2150E333-8FDC-42A3-9474-1A3956D46DE8}") = "api-gateway", "api-gateway", "{15643F34-DF3A-407D-9C74-7C7574E4F8E2}"
EndProject
Project("{9A19103F-16F7-4668-BE54-9A1E7A4F7556}") = "Unicorn.Core.Services.ApiGateway.Ocelot", "src\core\services\api-gateway\Unicorn.Core.Services.ApiGateway.Ocelot\Unicorn.Core.Services.ApiGateway.Ocelot.csproj", "{110B92DB-084F-4B14-8134-368B1D562371}"
EndProject
Project("{2150E333-8FDC-42A3-9474-1A3956D46DE8}") = "system-status", "system-status", "{B64DEDEA-237A-4675-ABC9-E06D373E228C}"
EndProject
Project("{9A19103F-16F7-4668-BE54-9A1E7A4F7556}") = "Unicorn.Core.Services.SystemStatus.HealthCheck", "src\core\services\system-status\Unicorn.Core.Services.SystemStatus.HealthCheck\Unicorn.Core.Services.SystemStatus.HealthCheck.csproj", "{1503237D-FD04-4F9D-AE7D-53E14D012844}"
EndProject
Project("{FAE04EC0-301F-11D3-BF4B-00C04F79EFBC}") = "Unicorn.Core.Infrastructure.Communication.SDK", "src\core\infrastructure\Unicorn.Core.Infrastructure.Communication.SDK\Unicorn.Core.Infrastructure.Communication.SDK.csproj", "{9D0FF522-E977-4D76-A753-B9FD0DE2D143}"
EndProject
Global
	GlobalSection(SolutionConfigurationPlatforms) = preSolution
		Debug|Any CPU = Debug|Any CPU
		Release|Any CPU = Release|Any CPU
	EndGlobalSection
	GlobalSection(ProjectConfigurationPlatforms) = postSolution
		{DEB9675E-25BC-4C6F-A2C3-81F8F417A98E}.Debug|Any CPU.ActiveCfg = Debug|Any CPU
		{DEB9675E-25BC-4C6F-A2C3-81F8F417A98E}.Debug|Any CPU.Build.0 = Debug|Any CPU
		{DEB9675E-25BC-4C6F-A2C3-81F8F417A98E}.Release|Any CPU.ActiveCfg = Release|Any CPU
		{DEB9675E-25BC-4C6F-A2C3-81F8F417A98E}.Release|Any CPU.Build.0 = Release|Any CPU
		{2A18985A-D1F9-4137-B28C-9C6E802F55B5}.Debug|Any CPU.ActiveCfg = Debug|Any CPU
		{2A18985A-D1F9-4137-B28C-9C6E802F55B5}.Debug|Any CPU.Build.0 = Debug|Any CPU
		{2A18985A-D1F9-4137-B28C-9C6E802F55B5}.Release|Any CPU.ActiveCfg = Release|Any CPU
		{2A18985A-D1F9-4137-B28C-9C6E802F55B5}.Release|Any CPU.Build.0 = Release|Any CPU
		{2822A8C4-F233-4480-9D6D-F36750878584}.Debug|Any CPU.ActiveCfg = Debug|Any CPU
		{2822A8C4-F233-4480-9D6D-F36750878584}.Debug|Any CPU.Build.0 = Debug|Any CPU
		{2822A8C4-F233-4480-9D6D-F36750878584}.Release|Any CPU.ActiveCfg = Release|Any CPU
		{2822A8C4-F233-4480-9D6D-F36750878584}.Release|Any CPU.Build.0 = Release|Any CPU
		{0B2DF2F9-4189-4AF8-B756-12BE2E1295AA}.Debug|Any CPU.ActiveCfg = Debug|Any CPU
		{0B2DF2F9-4189-4AF8-B756-12BE2E1295AA}.Debug|Any CPU.Build.0 = Debug|Any CPU
		{0B2DF2F9-4189-4AF8-B756-12BE2E1295AA}.Release|Any CPU.ActiveCfg = Release|Any CPU
		{0B2DF2F9-4189-4AF8-B756-12BE2E1295AA}.Release|Any CPU.Build.0 = Release|Any CPU
		{F55EF461-4A94-4EC1-85F7-02B926DD1736}.Debug|Any CPU.ActiveCfg = Debug|Any CPU
		{F55EF461-4A94-4EC1-85F7-02B926DD1736}.Debug|Any CPU.Build.0 = Debug|Any CPU
		{F55EF461-4A94-4EC1-85F7-02B926DD1736}.Release|Any CPU.ActiveCfg = Release|Any CPU
		{F55EF461-4A94-4EC1-85F7-02B926DD1736}.Release|Any CPU.Build.0 = Release|Any CPU
		{A332A17E-63D6-4D20-9D17-FCCC94096E52}.Debug|Any CPU.ActiveCfg = Debug|Any CPU
		{A332A17E-63D6-4D20-9D17-FCCC94096E52}.Debug|Any CPU.Build.0 = Debug|Any CPU
		{A332A17E-63D6-4D20-9D17-FCCC94096E52}.Release|Any CPU.ActiveCfg = Release|Any CPU
		{A332A17E-63D6-4D20-9D17-FCCC94096E52}.Release|Any CPU.Build.0 = Release|Any CPU
		{AAFDE17C-7001-4067-8AC2-05597047525E}.Debug|Any CPU.ActiveCfg = Debug|Any CPU
		{AAFDE17C-7001-4067-8AC2-05597047525E}.Debug|Any CPU.Build.0 = Debug|Any CPU
		{AAFDE17C-7001-4067-8AC2-05597047525E}.Release|Any CPU.ActiveCfg = Release|Any CPU
		{AAFDE17C-7001-4067-8AC2-05597047525E}.Release|Any CPU.Build.0 = Release|Any CPU
		{8B0FF5AB-E85D-4B28-B820-28F945B87993}.Debug|Any CPU.ActiveCfg = Debug|Any CPU
		{8B0FF5AB-E85D-4B28-B820-28F945B87993}.Debug|Any CPU.Build.0 = Debug|Any CPU
		{8B0FF5AB-E85D-4B28-B820-28F945B87993}.Release|Any CPU.ActiveCfg = Release|Any CPU
		{8B0FF5AB-E85D-4B28-B820-28F945B87993}.Release|Any CPU.Build.0 = Release|Any CPU
		{267D9621-E43F-477B-8BCC-0CC8CE00C1A1}.Debug|Any CPU.ActiveCfg = Debug|Any CPU
		{267D9621-E43F-477B-8BCC-0CC8CE00C1A1}.Debug|Any CPU.Build.0 = Debug|Any CPU
		{267D9621-E43F-477B-8BCC-0CC8CE00C1A1}.Release|Any CPU.ActiveCfg = Release|Any CPU
		{267D9621-E43F-477B-8BCC-0CC8CE00C1A1}.Release|Any CPU.Build.0 = Release|Any CPU
		{536A3903-5B76-4E15-8983-60E3E38EF4A5}.Debug|Any CPU.ActiveCfg = Debug|Any CPU
		{536A3903-5B76-4E15-8983-60E3E38EF4A5}.Debug|Any CPU.Build.0 = Debug|Any CPU
		{536A3903-5B76-4E15-8983-60E3E38EF4A5}.Release|Any CPU.ActiveCfg = Release|Any CPU
		{536A3903-5B76-4E15-8983-60E3E38EF4A5}.Release|Any CPU.Build.0 = Release|Any CPU
		{6E3FB6F1-510C-4C65-B479-50907504BEBF}.Debug|Any CPU.ActiveCfg = Debug|Any CPU
		{6E3FB6F1-510C-4C65-B479-50907504BEBF}.Debug|Any CPU.Build.0 = Debug|Any CPU
		{6E3FB6F1-510C-4C65-B479-50907504BEBF}.Release|Any CPU.ActiveCfg = Release|Any CPU
		{6E3FB6F1-510C-4C65-B479-50907504BEBF}.Release|Any CPU.Build.0 = Release|Any CPU
		{864F4863-8844-47D3-92B1-2BBF3873CCDD}.Debug|Any CPU.ActiveCfg = Debug|Any CPU
		{864F4863-8844-47D3-92B1-2BBF3873CCDD}.Debug|Any CPU.Build.0 = Debug|Any CPU
		{864F4863-8844-47D3-92B1-2BBF3873CCDD}.Release|Any CPU.ActiveCfg = Release|Any CPU
		{864F4863-8844-47D3-92B1-2BBF3873CCDD}.Release|Any CPU.Build.0 = Release|Any CPU
		{9E8DD55D-7CE1-48EE-969F-AAADDA84966F}.Debug|Any CPU.ActiveCfg = Debug|Any CPU
		{9E8DD55D-7CE1-48EE-969F-AAADDA84966F}.Debug|Any CPU.Build.0 = Debug|Any CPU
		{9E8DD55D-7CE1-48EE-969F-AAADDA84966F}.Release|Any CPU.ActiveCfg = Release|Any CPU
		{9E8DD55D-7CE1-48EE-969F-AAADDA84966F}.Release|Any CPU.Build.0 = Release|Any CPU
		{364BFE05-9445-433B-80B1-E145AE6AEBFC}.Debug|Any CPU.ActiveCfg = Debug|Any CPU
		{364BFE05-9445-433B-80B1-E145AE6AEBFC}.Debug|Any CPU.Build.0 = Debug|Any CPU
		{364BFE05-9445-433B-80B1-E145AE6AEBFC}.Release|Any CPU.ActiveCfg = Release|Any CPU
		{364BFE05-9445-433B-80B1-E145AE6AEBFC}.Release|Any CPU.Build.0 = Release|Any CPU
		{AA26A288-4146-4F6E-A6A0-0DBC1BA172DA}.Debug|Any CPU.ActiveCfg = Debug|Any CPU
		{AA26A288-4146-4F6E-A6A0-0DBC1BA172DA}.Debug|Any CPU.Build.0 = Debug|Any CPU
		{AA26A288-4146-4F6E-A6A0-0DBC1BA172DA}.Release|Any CPU.ActiveCfg = Release|Any CPU
		{AA26A288-4146-4F6E-A6A0-0DBC1BA172DA}.Release|Any CPU.Build.0 = Release|Any CPU
		{8C21E023-CB19-42FE-B795-A37D3FA6FA53}.Debug|Any CPU.ActiveCfg = Debug|Any CPU
		{8C21E023-CB19-42FE-B795-A37D3FA6FA53}.Debug|Any CPU.Build.0 = Debug|Any CPU
		{8C21E023-CB19-42FE-B795-A37D3FA6FA53}.Release|Any CPU.ActiveCfg = Release|Any CPU
		{8C21E023-CB19-42FE-B795-A37D3FA6FA53}.Release|Any CPU.Build.0 = Release|Any CPU
		{0ED507F4-46BB-4D72-ADB1-61D1A92B66AC}.Debug|Any CPU.ActiveCfg = Debug|Any CPU
		{0ED507F4-46BB-4D72-ADB1-61D1A92B66AC}.Debug|Any CPU.Build.0 = Debug|Any CPU
		{0ED507F4-46BB-4D72-ADB1-61D1A92B66AC}.Release|Any CPU.ActiveCfg = Release|Any CPU
		{0ED507F4-46BB-4D72-ADB1-61D1A92B66AC}.Release|Any CPU.Build.0 = Release|Any CPU
		{2BC64259-0FD8-4D60-92B6-E2194735E602}.Debug|Any CPU.ActiveCfg = Debug|Any CPU
		{2BC64259-0FD8-4D60-92B6-E2194735E602}.Debug|Any CPU.Build.0 = Debug|Any CPU
		{2BC64259-0FD8-4D60-92B6-E2194735E602}.Release|Any CPU.ActiveCfg = Release|Any CPU
		{2BC64259-0FD8-4D60-92B6-E2194735E602}.Release|Any CPU.Build.0 = Release|Any CPU
		{110B92DB-084F-4B14-8134-368B1D562371}.Debug|Any CPU.ActiveCfg = Debug|Any CPU
		{110B92DB-084F-4B14-8134-368B1D562371}.Debug|Any CPU.Build.0 = Debug|Any CPU
		{110B92DB-084F-4B14-8134-368B1D562371}.Release|Any CPU.ActiveCfg = Release|Any CPU
		{110B92DB-084F-4B14-8134-368B1D562371}.Release|Any CPU.Build.0 = Release|Any CPU
		{1503237D-FD04-4F9D-AE7D-53E14D012844}.Debug|Any CPU.ActiveCfg = Debug|Any CPU
		{1503237D-FD04-4F9D-AE7D-53E14D012844}.Debug|Any CPU.Build.0 = Debug|Any CPU
		{1503237D-FD04-4F9D-AE7D-53E14D012844}.Release|Any CPU.ActiveCfg = Release|Any CPU
		{1503237D-FD04-4F9D-AE7D-53E14D012844}.Release|Any CPU.Build.0 = Release|Any CPU
		{9D0FF522-E977-4D76-A753-B9FD0DE2D143}.Debug|Any CPU.ActiveCfg = Debug|Any CPU
		{9D0FF522-E977-4D76-A753-B9FD0DE2D143}.Debug|Any CPU.Build.0 = Debug|Any CPU
		{9D0FF522-E977-4D76-A753-B9FD0DE2D143}.Release|Any CPU.ActiveCfg = Release|Any CPU
		{9D0FF522-E977-4D76-A753-B9FD0DE2D143}.Release|Any CPU.Build.0 = Release|Any CPU
	EndGlobalSection
	GlobalSection(SolutionProperties) = preSolution
		HideSolutionNode = FALSE
	EndGlobalSection
	GlobalSection(NestedProjects) = preSolution
		{DEB9675E-25BC-4C6F-A2C3-81F8F417A98E} = {5F9F2557-3B49-4383-B6FD-4F37DB19D665}
		{2A18985A-D1F9-4137-B28C-9C6E802F55B5} = {9D47E5BD-EC71-44B9-9E87-66CFCCF707D1}
		{2822A8C4-F233-4480-9D6D-F36750878584} = {9D47E5BD-EC71-44B9-9E87-66CFCCF707D1}
		{0B2DF2F9-4189-4AF8-B756-12BE2E1295AA} = {FAD03742-AD9A-4094-B75A-2B73D0D6EAFC}
		{5F9F2557-3B49-4383-B6FD-4F37DB19D665} = {A82D8891-2318-496F-8864-3B58CCCCF2EE}
		{3E969805-7B74-4446-A42C-0DE247DFE254} = {A82D8891-2318-496F-8864-3B58CCCCF2EE}
		{FAD03742-AD9A-4094-B75A-2B73D0D6EAFC} = {A82D8891-2318-496F-8864-3B58CCCCF2EE}
		{9D47E5BD-EC71-44B9-9E87-66CFCCF707D1} = {3E969805-7B74-4446-A42C-0DE247DFE254}
		{F55EF461-4A94-4EC1-85F7-02B926DD1736} = {FAD03742-AD9A-4094-B75A-2B73D0D6EAFC}
		{A332A17E-63D6-4D20-9D17-FCCC94096E52} = {FAD03742-AD9A-4094-B75A-2B73D0D6EAFC}
		{4C3CCC0F-6946-4E7D-8033-A42F246A5E0D} = {3E969805-7B74-4446-A42C-0DE247DFE254}
		{AAFDE17C-7001-4067-8AC2-05597047525E} = {5F9F2557-3B49-4383-B6FD-4F37DB19D665}
		{8B0FF5AB-E85D-4B28-B820-28F945B87993} = {4C3CCC0F-6946-4E7D-8033-A42F246A5E0D}
		{536A3903-5B76-4E15-8983-60E3E38EF4A5} = {3738D291-0597-445F-8F84-59EFE12FFDB3}
		{6E3FB6F1-510C-4C65-B479-50907504BEBF} = {3738D291-0597-445F-8F84-59EFE12FFDB3}
		{864F4863-8844-47D3-92B1-2BBF3873CCDD} = {EADA7126-44CC-4359-8C79-9D791505FB0C}
		{3738D291-0597-445F-8F84-59EFE12FFDB3} = {8D8F1BB1-98E7-423A-A830-D01987A4AAC8}
		{A0FEEBC7-8F51-45ED-8AD5-002813F15AD9} = {8D8F1BB1-98E7-423A-A830-D01987A4AAC8}
		{9E8DD55D-7CE1-48EE-969F-AAADDA84966F} = {A0FEEBC7-8F51-45ED-8AD5-002813F15AD9}
		{364BFE05-9445-433B-80B1-E145AE6AEBFC} = {A0FEEBC7-8F51-45ED-8AD5-002813F15AD9}
		{AA26A288-4146-4F6E-A6A0-0DBC1BA172DA} = {9D47E5BD-EC71-44B9-9E87-66CFCCF707D1}
		{53A9157E-365B-4831-8A0B-485BEEC1BB82} = {8D8F1BB1-98E7-423A-A830-D01987A4AAC8}
		{8C21E023-CB19-42FE-B795-A37D3FA6FA53} = {53A9157E-365B-4831-8A0B-485BEEC1BB82}
		{98A927C9-CDEB-4B8A-AA07-95C866DFC97F} = {53A9157E-365B-4831-8A0B-485BEEC1BB82}
		{EADA7126-44CC-4359-8C79-9D791505FB0C} = {3738D291-0597-445F-8F84-59EFE12FFDB3}
		{E8624E3B-4811-4318-8BCE-415953F057A0} = {A0FEEBC7-8F51-45ED-8AD5-002813F15AD9}
		{0ED507F4-46BB-4D72-ADB1-61D1A92B66AC} = {3738D291-0597-445F-8F84-59EFE12FFDB3}
		{2BC64259-0FD8-4D60-92B6-E2194735E602} = {53A9157E-365B-4831-8A0B-485BEEC1BB82}
		{15643F34-DF3A-407D-9C74-7C7574E4F8E2} = {3E969805-7B74-4446-A42C-0DE247DFE254}
		{110B92DB-084F-4B14-8134-368B1D562371} = {15643F34-DF3A-407D-9C74-7C7574E4F8E2}
		{B64DEDEA-237A-4675-ABC9-E06D373E228C} = {3E969805-7B74-4446-A42C-0DE247DFE254}
		{1503237D-FD04-4F9D-AE7D-53E14D012844} = {B64DEDEA-237A-4675-ABC9-E06D373E228C}
		{9D0FF522-E977-4D76-A753-B9FD0DE2D143} = {5F9F2557-3B49-4383-B6FD-4F37DB19D665}
	EndGlobalSection
	GlobalSection(ExtensibilityGlobals) = postSolution
		SolutionGuid = {33F75022-EF87-4855-AFF0-0078123AAE2A}
	EndGlobalSection
EndGlobal
