
Microsoft Visual Studio Solution File, Format Version 12.00
# Visual Studio Version 17
VisualStudioVersion = 17.1.32210.238
MinimumVisualStudioVersion = 10.0.40219.1
Project("{2150E333-8FDC-42A3-9474-1A3956D46DE8}") = "unicorn-service-template", "unicorn-service-template", "{F2E74717-5A5C-4BE1-9E5C-83ADB52DF437}"
EndProject
Project("{9A19103F-16F7-4668-BE54-9A1E7A4F7556}") = "Unicorn.Templates.Service", "unicorn-service-template\Unicorn.Templates.Service\Unicorn.Templates.Service.csproj", "{CC6EF7BB-8820-4BB8-8E3E-179AC4505A38}"
EndProject
Project("{9A19103F-16F7-4668-BE54-9A1E7A4F7556}") = "Unicorn.Templates.Service.SDK", "unicorn-service-template\Unicorn.Templates.Service.SDK\Unicorn.Templates.Service.SDK.csproj", "{7E2ED8F6-B39A-4B0D-81EE-A9457F81D7E9}"
EndProject
Project("{2150E333-8FDC-42A3-9474-1A3956D46DE8}") = "tests", "tests", "{E7848E48-E443-4937-B64B-0A19DD310F7E}"
EndProject
Project("{9A19103F-16F7-4668-BE54-9A1E7A4F7556}") = "Unicorn.Templates.Service.Tests", "unicorn-service-template\tests\Unicorn.Templates.Service.Tests\Unicorn.Templates.Service.Tests.csproj", "{60B0D8D1-F2AB-49AE-99F5-0C954AD0550B}"
EndProject
Project("{2150E333-8FDC-42A3-9474-1A3956D46DE8}") = "Solution Items", "Solution Items", "{57398B25-D783-4B1D-9298-FD0CDA0FA90F}"
	ProjectSection(SolutionItems) = preProject
		README.md = README.md
	EndProjectSection
EndProject
Global
	GlobalSection(SolutionConfigurationPlatforms) = preSolution
		Debug|Any CPU = Debug|Any CPU
		Release|Any CPU = Release|Any CPU
	EndGlobalSection
	GlobalSection(ProjectConfigurationPlatforms) = postSolution
		{CC6EF7BB-8820-4BB8-8E3E-179AC4505A38}.Debug|Any CPU.ActiveCfg = Debug|Any CPU
		{CC6EF7BB-8820-4BB8-8E3E-179AC4505A38}.Debug|Any CPU.Build.0 = Debug|Any CPU
		{CC6EF7BB-8820-4BB8-8E3E-179AC4505A38}.Release|Any CPU.ActiveCfg = Release|Any CPU
		{CC6EF7BB-8820-4BB8-8E3E-179AC4505A38}.Release|Any CPU.Build.0 = Release|Any CPU
		{7E2ED8F6-B39A-4B0D-81EE-A9457F81D7E9}.Debug|Any CPU.ActiveCfg = Debug|Any CPU
		{7E2ED8F6-B39A-4B0D-81EE-A9457F81D7E9}.Debug|Any CPU.Build.0 = Debug|Any CPU
		{7E2ED8F6-B39A-4B0D-81EE-A9457F81D7E9}.Release|Any CPU.ActiveCfg = Release|Any CPU
		{7E2ED8F6-B39A-4B0D-81EE-A9457F81D7E9}.Release|Any CPU.Build.0 = Release|Any CPU
		{60B0D8D1-F2AB-49AE-99F5-0C954AD0550B}.Debug|Any CPU.ActiveCfg = Debug|Any CPU
		{60B0D8D1-F2AB-49AE-99F5-0C954AD0550B}.Debug|Any CPU.Build.0 = Debug|Any CPU
		{60B0D8D1-F2AB-49AE-99F5-0C954AD0550B}.Release|Any CPU.ActiveCfg = Release|Any CPU
		{60B0D8D1-F2AB-49AE-99F5-0C954AD0550B}.Release|Any CPU.Build.0 = Release|Any CPU
	EndGlobalSection
	GlobalSection(SolutionProperties) = preSolution
		HideSolutionNode = FALSE
	EndGlobalSection
	GlobalSection(NestedProjects) = preSolution
		{CC6EF7BB-8820-4BB8-8E3E-179AC4505A38} = {F2E74717-5A5C-4BE1-9E5C-83ADB52DF437}
		{7E2ED8F6-B39A-4B0D-81EE-A9457F81D7E9} = {F2E74717-5A5C-4BE1-9E5C-83ADB52DF437}
		{E7848E48-E443-4937-B64B-0A19DD310F7E} = {F2E74717-5A5C-4BE1-9E5C-83ADB52DF437}
		{60B0D8D1-F2AB-49AE-99F5-0C954AD0550B} = {E7848E48-E443-4937-B64B-0A19DD310F7E}
	EndGlobalSection
	GlobalSection(ExtensibilityGlobals) = postSolution
		SolutionGuid = {43274AD3-78B2-49BA-A318-F22F0E9A0165}
	EndGlobalSection
EndGlobal
